github.com/openabstractions/abstraction-cas/go v0.2.0 h1:p9oKcdfO2ogoWh59G+gUivIzsi/zuhhGobZjkqIrbaE=
github.com/openabstractions/abstraction-cas/go v0.2.0/go.mod h1:pR8sRTbXF3k7fiXNjNiBqqc7i0Wu9RQvctH3q/wKUYo=
github.com/openabstractions/abstraction-job/go v0.3.0 h1:25O+qET56t3I7oj2pUOk4sk8+xFZoAIjuEarLqUkai4=
github.com/openabstractions/abstraction-job/go v0.3.0/go.mod h1:16GKaITbcqzngGGxkR93u6S/B+dDNFOwcyxbH789QeU=
github.com/openabstractions/abstraction-watch/go v0.2.0 h1:+iVl7EYugkQwyGtHBCFKGAfbFlngxS5CIbBk7ilXdWM=
github.com/openabstractions/abstraction-watch/go v0.2.0/go.mod h1:kufwl+bMSixuEwA5r1rftuCLm+JTrXr1NiJ2d0VI9K8=
